
Microsoft Visual Studio Solution File, Format Version 12.00
# Visual Studio Version 16
VisualStudioVersion = 16.0.29509.3
MinimumVisualStudioVersion = 10.0.40219.1
Project("{FAE04EC0-301F-11D3-BF4B-00C04F79EFBC}") = "ChatTool", "ChatTool\ChatTool.csproj", "{E11409B2-BA3F-4C4D-AE11-08AB4BF35A51}"
EndProject
Global
	GlobalSection(SolutionConfigurationPlatforms) = preSolution
		Debug|Any CPU = Debug|Any CPU
		Release|Any CPU = Release|Any CPU
	EndGlobalSection
	GlobalSection(ProjectConfigurationPlatforms) = postSolution
		{E11409B2-BA3F-4C4D-AE11-08AB4BF35A51}.Debug|Any CPU.ActiveCfg = Debug|Any CPU
		{E11409B2-BA3F-4C4D-AE11-08AB4BF35A51}.Debug|Any CPU.Build.0 = Debug|Any CPU
		{E11409B2-BA3F-4C4D-AE11-08AB4BF35A51}.Release|Any CPU.ActiveCfg = Release|Any CPU
		{E11409B2-BA3F-4C4D-AE11-08AB4BF35A51}.Release|Any CPU.Build.0 = Release|Any CPU
	EndGlobalSection
	GlobalSection(SolutionProperties) = preSolution
		HideSolutionNode = FALSE
	EndGlobalSection
	GlobalSection(ExtensibilityGlobals) = postSolution
		SolutionGuid = {847E0E8F-999A-41FE-B610-67709D45F4F9}
	EndGlobalSection
EndGlobal
